# @generated - this file is auto-generated by `mise lock` https://mise.en.dev/dev-tools/mise-lock.html

[[tools."aqua:google/osv-scanner"]]
version = "2.4.0"
backend = "aqua:google/osv-scanner"

[tools."aqua:google/osv-scanner"."platforms.linux-x64"]
checksum = "sha256:15314940c10d26af9c6649f150b8a47c1262e8fc7e17b1d1029b0e479e8ed8a0"
url = "https://github.com/google/osv-scanner/releases/download/v2.4.0/osv-scanner_linux_amd64"
url_api = "https://api.github.com/repos/google/osv-scanner/releases/assets/451242336"

[tools."aqua:google/osv-scanner"."platforms.linux-x64".provenance.slsa]
url = "https://github.com/google/osv-scanner/releases/download/v2.4.0/multiple.intoto.jsonl"

[tools."aqua:google/osv-scanner"."platforms.macos-arm64"]
checksum = "sha256:9ca3185ad63e9ab54f7cb90f46a7362be02d80e37f0123d095a54355ea202f5d"
url = "https://github.com/google/osv-scanner/releases/download/v2.4.0/osv-scanner_darwin_arm64"
url_api = "https://api.github.com/repos/google/osv-scanner/releases/assets/451242387"

[[tools.gitleaks]]
version = "8.30.1"
backend = "aqua:gitleaks/gitleaks"

[tools.gitleaks."platforms.linux-x64"]
checksum = "sha256:551f6fc83ea457d62a0d98237cbad105af8d557003051f41f3e7ca7b3f2470eb"
url = "https://github.com/gitleaks/gitleaks/releases/download/v8.30.1/gitleaks_8.30.1_linux_x64.tar.gz"
url_api = "https://api.github.com/repos/gitleaks/gitleaks/releases/assets/378332058"

[tools.gitleaks."platforms.macos-arm64"]
checksum = "sha256:b40ab0ae55c505963e365f271a8d3846efbc170aa17f2607f13df610a9aeb6a5"
url = "https://github.com/gitleaks/gitleaks/releases/download/v8.30.1/gitleaks_8.30.1_darwin_arm64.tar.gz"
url_api = "https://api.github.com/repos/gitleaks/gitleaks/releases/assets/378332059"

[[tools.node]]
version = "26.3.1"
backend = "core:node"

[tools.node."platforms.linux-x64"]
checksum = "sha256:e892cd615e637edebcf22f9653d80fba63167ad6754d20881fd52cc37be81441"
url = "https://nodejs.org/dist/v26.3.1/node-v26.3.1-linux-x64.tar.gz"

[tools.node."platforms.macos-arm64"]
checksum = "sha256:3f624ab0d774553c0d28b968e141d8c676a35a2811fb0b7b356ba9cbdce15f74"
url = "https://nodejs.org/dist/v26.3.1/node-v26.3.1-darwin-arm64.tar.gz"

[[tools.pnpm]]
version = "10.34.5"
backend = "aqua:pnpm/pnpm"

[tools.pnpm."platforms.linux-x64"]
checksum = "sha256:69a535476f407fb0f64427913c2b592ca2ed6bf93f92e2cb82a32349e31f36eb"
url = "https://github.com/pnpm/pnpm/releases/download/v10.34.5/pnpm-linux-x64"
url_api = "https://api.github.com/repos/pnpm/pnpm/releases/assets/472419171"

[tools.pnpm."platforms.macos-arm64"]
checksum = "sha256:888389e8dd5ed45279043c1d3383c0942a8248b3d29ce614b302f468191f7659"
url = "https://github.com/pnpm/pnpm/releases/download/v10.34.5/pnpm-macos-arm64"
url_api = "https://api.github.com/repos/pnpm/pnpm/releases/assets/472419170"

[[tools.prek]]
version = "0.4.5"
backend = "aqua:j178/prek"

[tools.prek."platforms.linux-x64"]
checksum = "sha256:94698d1cd74e7b462a017257efeab6f46142f4fb3da9a1314f06c1d55c26d614"
url = "https://github.com/j178/prek/releases/download/v0.4.5/prek-x86_64-unknown-linux-musl.tar.gz"
url_api = "https://api.github.com/repos/j178/prek/releases/assets/448118300"
provenance = "github-attestations"

[tools.prek."platforms.macos-arm64"]
checksum = "sha256:ed4920762f0e3db07163c437af622a1d4905e1ad7053692a495551b9ce92549f"
url = "https://github.com/j178/prek/releases/download/v0.4.5/prek-aarch64-apple-darwin.tar.gz"
url_api = "https://api.github.com/repos/j178/prek/releases/assets/448118219"
provenance = "github-attestations"
